
Microsoft Visual Studio Solution File, Format Version 12.00
# Visual Studio Version 16
VisualStudioVersion = 16.0.29519.87
MinimumVisualStudioVersion = 10.0.40219.1
Project("{9A19103F-16F7-4668-BE54-9A1E7A4F7556}") = "MadPay724.Data", "MadPay724.Data\MadPay724.Data.csproj", "{E376595B-F53A-4B78-B628-EE67B3D16F8A}"
EndProject
Project("{9A19103F-16F7-4668-BE54-9A1E7A4F7556}") = "MadPay724.Common", "MadPay724.Common\MadPay724.Common.csproj", "{E4580A56-02A6-44A5-A3C8-85823AE7DD56}"
EndProject
Project("{9A19103F-16F7-4668-BE54-9A1E7A4F7556}") = "MadPay724.Repo", "MadPay724.Repo\MadPay724.Repo.csproj", "{8E5C3323-C37E-43D4-B42D-E92800193515}"
EndProject
Project("{9A19103F-16F7-4668-BE54-9A1E7A4F7556}") = "MadPay724.Services", "MadPay724.Services\MadPay724.Services.csproj", "{42CEBB2F-1F1E-41C1-980C-54043B741EEC}"
EndProject
Project("{FAE04EC0-301F-11D3-BF4B-00C04F79EFBC}") = "MadPay724.Presentation", "MadPay724.Presentation\MadPay724.Presentation.csproj", "{48C4AE52-BAAE-4F20-A299-B8BAB1064E28}"
EndProject
Global
	GlobalSection(SolutionConfigurationPlatforms) = preSolution
		Debug|Any CPU = Debug|Any CPU
		Release|Any CPU = Release|Any CPU
	EndGlobalSection
	GlobalSection(ProjectConfigurationPlatforms) = postSolution
		{E376595B-F53A-4B78-B628-EE67B3D16F8A}.Debug|Any CPU.ActiveCfg = Debug|Any CPU
		{E376595B-F53A-4B78-B628-EE67B3D16F8A}.Debug|Any CPU.Build.0 = Debug|Any CPU
		{E376595B-F53A-4B78-B628-EE67B3D16F8A}.Release|Any CPU.ActiveCfg = Release|Any CPU
		{E376595B-F53A-4B78-B628-EE67B3D16F8A}.Release|Any CPU.Build.0 = Release|Any CPU
		{E4580A56-02A6-44A5-A3C8-85823AE7DD56}.Debug|Any CPU.ActiveCfg = Debug|Any CPU
		{E4580A56-02A6-44A5-A3C8-85823AE7DD56}.Debug|Any CPU.Build.0 = Debug|Any CPU
		{E4580A56-02A6-44A5-A3C8-85823AE7DD56}.Release|Any CPU.ActiveCfg = Release|Any CPU
		{E4580A56-02A6-44A5-A3C8-85823AE7DD56}.Release|Any CPU.Build.0 = Release|Any CPU
		{8E5C3323-C37E-43D4-B42D-E92800193515}.Debug|Any CPU.ActiveCfg = Debug|Any CPU
		{8E5C3323-C37E-43D4-B42D-E92800193515}.Debug|Any CPU.Build.0 = Debug|Any CPU
		{8E5C3323-C37E-43D4-B42D-E92800193515}.Release|Any CPU.ActiveCfg = Release|Any CPU
		{8E5C3323-C37E-43D4-B42D-E92800193515}.Release|Any CPU.Build.0 = Release|Any CPU
		{42CEBB2F-1F1E-41C1-980C-54043B741EEC}.Debug|Any CPU.ActiveCfg = Debug|Any CPU
		{42CEBB2F-1F1E-41C1-980C-54043B741EEC}.Debug|Any CPU.Build.0 = Debug|Any CPU
		{42CEBB2F-1F1E-41C1-980C-54043B741EEC}.Release|Any CPU.ActiveCfg = Release|Any CPU
		{42CEBB2F-1F1E-41C1-980C-54043B741EEC}.Release|Any CPU.Build.0 = Release|Any CPU
		{48C4AE52-BAAE-4F20-A299-B8BAB1064E28}.Debug|Any CPU.ActiveCfg = Debug|Any CPU
		{48C4AE52-BAAE-4F20-A299-B8BAB1064E28}.Debug|Any CPU.Build.0 = Debug|Any CPU
		{48C4AE52-BAAE-4F20-A299-B8BAB1064E28}.Release|Any CPU.ActiveCfg = Release|Any CPU
		{48C4AE52-BAAE-4F20-A299-B8BAB1064E28}.Release|Any CPU.Build.0 = Release|Any CPU
	EndGlobalSection
	GlobalSection(SolutionProperties) = preSolution
		HideSolutionNode = FALSE
	EndGlobalSection
	GlobalSection(ExtensibilityGlobals) = postSolution
		SolutionGuid = {0D717DE0-4EB5-4FF7-A646-6874CE864F13}
	EndGlobalSection
EndGlobal
